Microsoft Visual Studio Solution File, Format Version 12.00
# Visual Studio Version 16
VisualStudioVersion = 16.0.36631.11
MinimumVisualStudioVersion = 10.0.40219.1
Project("{8BC9CEB8-8B4A-11D0-8D11-00A0C91BC942}") = "Minecraft.World", "Minecraft.World\Minecraft.World.vcxproj", "{F046C3CE-9749-4823-B32B-D9CC10B1A2C8}"
EndProject
Project("{8BC9CEB8-8B4A-11D0-8D11-00A0C91BC942}") = "Minecraft.Client", "Minecraft.Client\Minecraft.Client.vcxproj", "{1B9A8C38-DD48-448C-AA24-E1A35E0089A3}"
	ProjectSection(ProjectDependencies) = postProject
		{CC99EB47-7231-4067-8717-C6BF4ABDE338} = {CC99EB47-7231-4067-8717-C6BF4ABDE338}
		{F046C3CE-9749-4823-B32B-D9CC10B1A2C8} = {F046C3CE-9749-4823-B32B-D9CC10B1A2C8}
	EndProjectSection
EndProject
Project("{8BC9CEB8-8B4A-11D0-8D11-00A0C91BC942}") = "Render_PC", "Minecraft.Client\Windows64\4JLibs\inc\Render\Render.vcxproj", "{CC99EB47-7231-4067-8717-C6BF4ABDE338}"
EndProject
Project("{8BC9CEB8-8B4A-11D0-8D11-00A0C91BC942}") = "Minecraft.Server", "Minecraft.Server\Minecraft.Server.vcxproj", "{7CB40BFC-C8E4-4293-A22E-D2041348D5AF}"
EndProject
Project("{2150E333-8FDC-42A3-9474-1A3956D46DE8}") = "4J Libs", "4J Libs", "{C8A354D5-2F99-4D3D-A20D-76BB3D083D90}"
EndProject
Project("{8BC9CEB8-8B4A-11D0-8D11-00A0C91BC942}") = "Storage", "Minecraft.Client\Windows64\4JLibs\inc\Storage\Storage.vcxproj", "{6DED1618-2ADA-4D72-A11F-425E83C7042E}"
EndProject
Global
	GlobalSection(SolutionConfigurationPlatforms) = preSolution
		Debug|ARM64EC = Debug|ARM64EC
		Debug|Durango = Debug|Durango
		Debug|ORBIS = Debug|ORBIS
		Debug|PS3 = Debug|PS3
		Debug|PSVita = Debug|PSVita
		Debug|Windows64 = Debug|Windows64
		Debug|x64 = Debug|x64
		Debug|x86 = Debug|x86
		Debug|Xbox 360 = Debug|Xbox 360
		Release|ARM64EC = Release|ARM64EC
		Release|Durango = Release|Durango
		Release|ORBIS = Release|ORBIS
		Release|PS3 = Release|PS3
		Release|PSVita = Release|PSVita
		Release|Windows64 = Release|Windows64
		Release|x64 = Release|x64
		Release|x86 = Release|x86
		Release|Xbox 360 = Release|Xbox 360
	EndGlobalSection
	GlobalSection(ProjectConfigurationPlatforms) = postSolution
		{F046C3CE-9749-4823-B32B-D9CC10B1A2C8}.Debug|ARM64EC.ActiveCfg = Debug|ARM64EC
		{F046C3CE-9749-4823-B32B-D9CC10B1A2C8}.Debug|ARM64EC.Build.0 = Debug|ARM64EC
		{F046C3CE-9749-4823-B32B-D9CC10B1A2C8}.Debug|Durango.ActiveCfg = Debug|Durango
		{F046C3CE-9749-4823-B32B-D9CC10B1A2C8}.Debug|Durango.Build.0 = Debug|Durango
		{F046C3CE-9749-4823-B32B-D9CC10B1A2C8}.Debug|Durango.Deploy.0 = Debug|Durango
		{F046C3CE-9749-4823-B32B-D9CC10B1A2C8}.Debug|ORBIS.ActiveCfg = Debug|ORBIS
		{F046C3CE-9749-4823-B32B-D9CC10B1A2C8}.Debug|ORBIS.Build.0 = Debug|ORBIS
		{F046C3CE-9749-4823-B32B-D9CC10B1A2C8}.Debug|PS3.ActiveCfg = Debug|PS3
		{F046C3CE-9749-4823-B32B-D9CC10B1A2C8}.Debug|PS3.Build.0 = Debug|PS3
		{F046C3CE-9749-4823-B32B-D9CC10B1A2C8}.Debug|PSVita.ActiveCfg = Debug|PSVita
		{F046C3CE-9749-4823-B32B-D9CC10B1A2C8}.Debug|PSVita.Build.0 = Debug|PSVita
		{F046C3CE-9749-4823-B32B-D9CC10B1A2C8}.Debug|Windows64.ActiveCfg = Debug|x64
		{F046C3CE-9749-4823-B32B-D9CC10B1A2C8}.Debug|Windows64.Build.0 = Debug|x64
		{F046C3CE-9749-4823-B32B-D9CC10B1A2C8}.Debug|x64.ActiveCfg = Debug|x64
		{F046C3CE-9749-4823-B32B-D9CC10B1A2C8}.Debug|x64.Build.0 = Debug|x64
		{F046C3CE-9749-4823-B32B-D9CC10B1A2C8}.Debug|x86.ActiveCfg = Debug|Win32
		{F046C3CE-9749-4823-B32B-D9CC10B1A2C8}.Debug|x86.Build.0 = Debug|Win32
		{F046C3CE-9749-4823-B32B-D9CC10B1A2C8}.Debug|Xbox 360.ActiveCfg = Debug|Xbox 360
		{F046C3CE-9749-4823-B32B-D9CC10B1A2C8}.Debug|Xbox 360.Build.0 = Debug|Xbox 360
		{F046C3CE-9749-4823-B32B-D9CC10B1A2C8}.Debug|Xbox 360.Deploy.0 = Debug|Xbox 360
		{F046C3CE-9749-4823-B32B-D9CC10B1A2C8}.Release|ARM64EC.ActiveCfg = Release|ARM64EC
		{F046C3CE-9749-4823-B32B-D9CC10B1A2C8}.Release|ARM64EC.Build.0 = Release|ARM64EC
		{F046C3CE-9749-4823-B32B-D9CC10B1A2C8}.Release|Durango.ActiveCfg = Release|Durango
		{F046C3CE-9749-4823-B32B-D9CC10B1A2C8}.Release|Durango.Build.0 = Release|Durango
		{F046C3CE-9749-4823-B32B-D9CC10B1A2C8}.Release|ORBIS.ActiveCfg = Release|ORBIS
		{F046C3CE-9749-4823-B32B-D9CC10B1A2C8}.Release|ORBIS.Build.0 = Release|ORBIS
		{F046C3CE-9749-4823-B32B-D9CC10B1A2C8}.Release|PS3.ActiveCfg = Release|PS3
		{F046C3CE-9749-4823-B32B-D9CC10B1A2C8}.Release|PS3.Build.0 = Release|PS3
		{F046C3CE-9749-4823-B32B-D9CC10B1A2C8}.Release|PSVita.ActiveCfg = Release|PSVita
		{F046C3CE-9749-4823-B32B-D9CC10B1A2C8}.Release|PSVita.Build.0 = Release|PSVita
		{F046C3CE-9749-4823-B32B-D9CC10B1A2C8}.Release|Windows64.ActiveCfg = Release|x64
		{F046C3CE-9749-4823-B32B-D9CC10B1A2C8}.Release|Windows64.Build.0 = Release|x64
		{F046C3CE-9749-4823-B32B-D9CC10B1A2C8}.Release|x64.ActiveCfg = Release|x64
		{F046C3CE-9749-4823-B32B-D9CC10B1A2C8}.Release|x64.Build.0 = Release|x64
		{F046C3CE-9749-4823-B32B-D9CC10B1A2C8}.Release|x86.ActiveCfg = Release|Win32
		{F046C3CE-9749-4823-B32B-D9CC10B1A2C8}.Release|x86.Build.0 = Release|Win32
		{F046C3CE-9749-4823-B32B-D9CC10B1A2C8}.Release|Xbox 360.ActiveCfg = Release|Xbox 360
		{F046C3CE-9749-4823-B32B-D9CC10B1A2C8}.Release|Xbox 360.Build.0 = Release|Xbox 360
		{1B9A8C38-DD48-448C-AA24-E1A35E0089A3}.Debug|ARM64EC.ActiveCfg = Debug|ARM64EC
		{1B9A8C38-DD48-448C-AA24-E1A35E0089A3}.Debug|ARM64EC.Build.0 = Debug|ARM64EC
		{1B9A8C38-DD48-448C-AA24-E1A35E0089A3}.Debug|Durango.ActiveCfg = Debug|Durango
		{1B9A8C38-DD48-448C-AA24-E1A35E0089A3}.Debug|Durango.Build.0 = Debug|Durango
		{1B9A8C38-DD48-448C-AA24-E1A35E0089A3}.Debug|Durango.Deploy.0 = Debug|Durango
		{1B9A8C38-DD48-448C-AA24-E1A35E0089A3}.Debug|ORBIS.ActiveCfg = Debug|ORBIS
		{1B9A8C38-DD48-448C-AA24-E1A35E0089A3}.Debug|ORBIS.Build.0 = Debug|ORBIS
		{1B9A8C38-DD48-448C-AA24-E1A35E0089A3}.Debug|ORBIS.Deploy.0 = Debug|ORBIS
		{1B9A8C38-DD48-448C-AA24-E1A35E0089A3}.Debug|PS3.ActiveCfg = Debug|PS3
		{1B9A8C38-DD48-448C-AA24-E1A35E0089A3}.Debug|PS3.Build.0 = Debug|PS3
		{1B9A8C38-DD48-448C-AA24-E1A35E0089A3}.Debug|PSVita.ActiveCfg = Debug|PSVita
		{1B9A8C38-DD48-448C-AA24-E1A35E0089A3}.Debug|PSVita.Build.0 = Debug|PSVita
		{1B9A8C38-DD48-448C-AA24-E1A35E0089A3}.Debug|Windows64.ActiveCfg = Debug|x64
		{1B9A8C38-DD48-448C-AA24-E1A35E0089A3}.Debug|Windows64.Build.0 = Debug|x64
		{1B9A8C38-DD48-448C-AA24-E1A35E0089A3}.Debug|x64.ActiveCfg = Debug|x64
		{1B9A8C38-DD48-448C-AA24-E1A35E0089A3}.Debug|x64.Build.0 = Debug|x64
		{1B9A8C38-DD48-448C-AA24-E1A35E0089A3}.Debug|x86.ActiveCfg = Debug|Win32
		{1B9A8C38-DD48-448C-AA24-E1A35E0089A3}.Debug|x86.Build.0 = Debug|Win32
		{1B9A8C38-DD48-448C-AA24-E1A35E0089A3}.Debug|Xbox 360.ActiveCfg = Debug|Xbox 360
		{1B9A8C38-DD48-448C-AA24-E1A35E0089A3}.Debug|Xbox 360.Build.0 = Debug|Xbox 360
		{1B9A8C38-DD48-448C-AA24-E1A35E0089A3}.Debug|Xbox 360.Deploy.0 = Debug|Xbox 360
		{1B9A8C38-DD48-448C-AA24-E1A35E0089A3}.Release|ARM64EC.ActiveCfg = Release|ARM64EC
		{1B9A8C38-DD48-448C-AA24-E1A35E0089A3}.Release|ARM64EC.Build.0 = Release|ARM64EC
		{1B9A8C38-DD48-448C-AA24-E1A35E0089A3}.Release|Durango.ActiveCfg = Release|Durango
		{1B9A8C38-DD48-448C-AA24-E1A35E0089A3}.Release|Durango.Build.0 = Release|Durango
		{1B9A8C38-DD48-448C-AA24-E1A35E0089A3}.Release|Durango.Deploy.0 = Release|Durango
		{1B9A8C38-DD48-448C-AA24-E1A35E0089A3}.Release|ORBIS.ActiveCfg = Release|ORBIS
		{1B9A8C38-DD48-448C-AA24-E1A35E0089A3}.Release|ORBIS.Build.0 = Release|ORBIS
		{1B9A8C38-DD48-448C-AA24-E1A35E0089A3}.Release|PS3.ActiveCfg = Release|PS3
		{1B9A8C38-DD48-448C-AA24-E1A35E0089A3}.Release|PS3.Build.0 = Release|PS3
		{1B9A8C38-DD48-448C-AA24-E1A35E0089A3}.Release|PSVita.ActiveCfg = Release|PSVita
		{1B9A8C38-DD48-448C-AA24-E1A35E0089A3}.Release|PSVita.Build.0 = Release|PSVita
		{1B9A8C38-DD48-448C-AA24-E1A35E0089A3}.Release|Windows64.ActiveCfg = Release|x64
		{1B9A8C38-DD48-448C-AA24-E1A35E0089A3}.Release|Windows64.Build.0 = Release|x64
		{1B9A8C38-DD48-448C-AA24-E1A35E0089A3}.Release|x64.ActiveCfg = Release|x64
		{1B9A8C38-DD48-448C-AA24-E1A35E0089A3}.Release|x64.Build.0 = Release|x64
		{1B9A8C38-DD48-448C-AA24-E1A35E0089A3}.Release|x86.ActiveCfg = Release|Win32
		{1B9A8C38-DD48-448C-AA24-E1A35E0089A3}.Release|x86.Build.0 = Release|Win32
		{1B9A8C38-DD48-448C-AA24-E1A35E0089A3}.Release|Xbox 360.ActiveCfg = Release|Xbox 360
		{1B9A8C38-DD48-448C-AA24-E1A35E0089A3}.Release|Xbox 360.Build.0 = Release|Xbox 360
		{CC99EB47-7231-4067-8717-C6BF4ABDE338}.Debug|ARM64EC.ActiveCfg = Debug|Win32
		{CC99EB47-7231-4067-8717-C6BF4ABDE338}.Debug|Durango.ActiveCfg = Debug|Win32
		{CC99EB47-7231-4067-8717-C6BF4ABDE338}.Debug|ORBIS.ActiveCfg = Debug|Win32
		{CC99EB47-7231-4067-8717-C6BF4ABDE338}.Debug|PS3.ActiveCfg = Debug|Win32
		{CC99EB47-7231-4067-8717-C6BF4ABDE338}.Debug|PSVita.ActiveCfg = Debug|Win32
		{CC99EB47-7231-4067-8717-C6BF4ABDE338}.Debug|Windows64.ActiveCfg = Debug|x64
		{CC99EB47-7231-4067-8717-C6BF4ABDE338}.Debug|Windows64.Build.0 = Debug|x64
		{CC99EB47-7231-4067-8717-C6BF4ABDE338}.Debug|x64.ActiveCfg = Debug|x64
		{CC99EB47-7231-4067-8717-C6BF4ABDE338}.Debug|x64.Build.0 = Debug|x64
		{CC99EB47-7231-4067-8717-C6BF4ABDE338}.Debug|x86.ActiveCfg = Debug|Win32
		{CC99EB47-7231-4067-8717-C6BF4ABDE338}.Debug|x86.Build.0 = Debug|Win32
		{CC99EB47-7231-4067-8717-C6BF4ABDE338}.Debug|Xbox 360.ActiveCfg = Debug|Win32
		{CC99EB47-7231-4067-8717-C6BF4ABDE338}.Release|ARM64EC.ActiveCfg = Release|Win32
		{CC99EB47-7231-4067-8717-C6BF4ABDE338}.Release|Durango.ActiveCfg = Release|Win32
		{CC99EB47-7231-4067-8717-C6BF4ABDE338}.Release|ORBIS.ActiveCfg = Release|Win32
		{CC99EB47-7231-4067-8717-C6BF4ABDE338}.Release|PS3.ActiveCfg = Release|Win32
		{CC99EB47-7231-4067-8717-C6BF4ABDE338}.Release|PSVita.ActiveCfg = Release|Win32
		{CC99EB47-7231-4067-8717-C6BF4ABDE338}.Release|Windows64.ActiveCfg = Release|x64
		{CC99EB47-7231-4067-8717-C6BF4ABDE338}.Release|Windows64.Build.0 = Release|x64
		{CC99EB47-7231-4067-8717-C6BF4ABDE338}.Release|x64.ActiveCfg = Release|x64
		{CC99EB47-7231-4067-8717-C6BF4ABDE338}.Release|x64.Build.0 = Release|x64
		{CC99EB47-7231-4067-8717-C6BF4ABDE338}.Release|x86.ActiveCfg = Release|Win32
		{CC99EB47-7231-4067-8717-C6BF4ABDE338}.Release|x86.Build.0 = Release|Win32
		{CC99EB47-7231-4067-8717-C6BF4ABDE338}.Release|Xbox 360.ActiveCfg = Release|Win32
		{7CB40BFC-C8E4-4293-A22E-D2041348D5AF}.Debug|ARM64EC.ActiveCfg = Debug|x64
		{7CB40BFC-C8E4-4293-A22E-D2041348D5AF}.Debug|Durango.ActiveCfg = Debug|x64
		{7CB40BFC-C8E4-4293-A22E-D2041348D5AF}.Debug|ORBIS.ActiveCfg = Debug|x64
		{7CB40BFC-C8E4-4293-A22E-D2041348D5AF}.Debug|PS3.ActiveCfg = Debug|x64
		{7CB40BFC-C8E4-4293-A22E-D2041348D5AF}.Debug|PSVita.ActiveCfg = Debug|x64
		{7CB40BFC-C8E4-4293-A22E-D2041348D5AF}.Debug|Windows64.ActiveCfg = Debug|x64
		{7CB40BFC-C8E4-4293-A22E-D2041348D5AF}.Debug|x64.ActiveCfg = Debug|x64
		{7CB40BFC-C8E4-4293-A22E-D2041348D5AF}.Debug|x64.Build.0 = Debug|x64
		{7CB40BFC-C8E4-4293-A22E-D2041348D5AF}.Debug|x86.ActiveCfg = Debug|x64
		{7CB40BFC-C8E4-4293-A22E-D2041348D5AF}.Debug|Xbox 360.ActiveCfg = Debug|x64
		{7CB40BFC-C8E4-4293-A22E-D2041348D5AF}.Release|ARM64EC.ActiveCfg = Release|x64
		{7CB40BFC-C8E4-4293-A22E-D2041348D5AF}.Release|Durango.ActiveCfg = Release|x64
		{7CB40BFC-C8E4-4293-A22E-D2041348D5AF}.Release|ORBIS.ActiveCfg = Release|x64
		{7CB40BFC-C8E4-4293-A22E-D2041348D5AF}.Release|PS3.ActiveCfg = Release|x64
		{7CB40BFC-C8E4-4293-A22E-D2041348D5AF}.Release|PSVita.ActiveCfg = Release|x64
		{7CB40BFC-C8E4-4293-A22E-D2041348D5AF}.Release|Windows64.ActiveCfg = Release|x64
		{7CB40BFC-C8E4-4293-A22E-D2041348D5AF}.Release|x64.ActiveCfg = Release|x64
		{7CB40BFC-C8E4-4293-A22E-D2041348D5AF}.Release|x64.Build.0 = Release|x64
		{7CB40BFC-C8E4-4293-A22E-D2041348D5AF}.Release|x86.ActiveCfg = Release|x64
		{7CB40BFC-C8E4-4293-A22E-D2041348D5AF}.Release|Xbox 360.ActiveCfg = Release|x64
		{6DED1618-2ADA-4D72-A11F-425E83C7042E}.Debug|ARM64EC.ActiveCfg = Debug|Win32
		{6DED1618-2ADA-4D72-A11F-425E83C7042E}.Debug|Durango.ActiveCfg = Debug|Win32
		{6DED1618-2ADA-4D72-A11F-425E83C7042E}.Debug|ORBIS.ActiveCfg = Debug|Win32
		{6DED1618-2ADA-4D72-A11F-425E83C7042E}.Debug|PS3.ActiveCfg = Debug|Win32
		{6DED1618-2ADA-4D72-A11F-425E83C7042E}.Debug|PSVita.ActiveCfg = Debug|Win32
		{6DED1618-2ADA-4D72-A11F-425E83C7042E}.Debug|Windows64.ActiveCfg = Debug|x64
		{6DED1618-2ADA-4D72-A11F-425E83C7042E}.Debug|x64.ActiveCfg = Debug|x64
		{6DED1618-2ADA-4D72-A11F-425E83C7042E}.Debug|x64.Build.0 = Debug|x64
		{6DED1618-2ADA-4D72-A11F-425E83C7042E}.Debug|x86.ActiveCfg = Debug|Win32
		{6DED1618-2ADA-4D72-A11F-425E83C7042E}.Debug|x86.Build.0 = Debug|Win32
		{6DED1618-2ADA-4D72-A11F-425E83C7042E}.Debug|Xbox 360.ActiveCfg = Debug|Win32
		{6DED1618-2ADA-4D72-A11F-425E83C7042E}.Release|ARM64EC.ActiveCfg = Release|Win32
		{6DED1618-2ADA-4D72-A11F-425E83C7042E}.Release|Durango.ActiveCfg = Release|Win32
		{6DED1618-2ADA-4D72-A11F-425E83C7042E}.Release|ORBIS.ActiveCfg = Release|Win32
		{6DED1618-2ADA-4D72-A11F-425E83C7042E}.Release|PS3.ActiveCfg = Release|Win32
		{6DED1618-2ADA-4D72-A11F-425E83C7042E}.Release|PSVita.ActiveCfg = Release|Win32
		{6DED1618-2ADA-4D72-A11F-425E83C7042E}.Release|Windows64.ActiveCfg = Release|x64
		{6DED1618-2ADA-4D72-A11F-425E83C7042E}.Release|x64.ActiveCfg = Release|x64
		{6DED1618-2ADA-4D72-A11F-425E83C7042E}.Release|x64.Build.0 = Release|x64
		{6DED1618-2ADA-4D72-A11F-425E83C7042E}.Release|x86.ActiveCfg = Release|Win32
		{6DED1618-2ADA-4D72-A11F-425E83C7042E}.Release|x86.Build.0 = Release|Win32
		{6DED1618-2ADA-4D72-A11F-425E83C7042E}.Release|Xbox 360.ActiveCfg = Release|Win32
	EndGlobalSection
	GlobalSection(SolutionProperties) = preSolution
		HideSolutionNode = FALSE
	EndGlobalSection
	GlobalSection(NestedProjects) = preSolution
		{CC99EB47-7231-4067-8717-C6BF4ABDE338} = {C8A354D5-2F99-4D3D-A20D-76BB3D083D90}
		{6DED1618-2ADA-4D72-A11F-425E83C7042E} = {C8A354D5-2F99-4D3D-A20D-76BB3D083D90}
	EndGlobalSection
	GlobalSection(ExtensibilityGlobals) = postSolution
		SolutionGuid = {CD5AC2E4-C1D3-45C3-AC34-06D43B233179}
	EndGlobalSection
EndGlobal
